
Microsoft Visual Studio Solution File, Format Version 12.00
# Visual Studio Version 17
VisualStudioVersion = 17.2.32616.157
MinimumVisualStudioVersion = 10.0.40219.1
Project("{FAE04EC0-301F-11D3-BF4B-00C04F79EFBC}") = "ExpenseTracker", "ExpenseTracker.csproj", "{A1CC6E5F-161F-4F6D-8623-A1DA717B8903}"
EndProject
Project("{2150E333-8FDC-42A3-9474-1A3956D46DE8}") = "Solution Items", "Solution Items", "{5D0B02C0-EB81-40E5-8FEC-303207D0D62C}"
	ProjectSection(SolutionItems) = preProject
		.editorconfig = .editorconfig
	EndProjectSection
EndProject
Global
	GlobalSection(SolutionConfigurationPlatforms) = preSolution
		Debug|Any CPU = Debug|Any CPU
		Release|Any CPU = Release|Any CPU
	EndGlobalSection
	GlobalSection(ProjectConfigurationPlatforms) = postSolution
		{A1CC6E5F-161F-4F6D-8623-A1DA717B8903}.Debug|Any CPU.ActiveCfg = Debug|Any CPU
		{A1CC6E5F-161F-4F6D-8623-A1DA717B8903}.Debug|Any CPU.Build.0 = Debug|Any CPU
		{A1CC6E5F-161F-4F6D-8623-A1DA717B8903}.Release|Any CPU.ActiveCfg = Release|Any CPU
		{A1CC6E5F-161F-4F6D-8623-A1DA717B8903}.Release|Any CPU.Build.0 = Release|Any CPU
	EndGlobalSection
	GlobalSection(SolutionProperties) = preSolution
		HideSolutionNode = FALSE
	EndGlobalSection
	GlobalSection(ExtensibilityGlobals) = postSolution
		SolutionGuid = {53C8CA16-36A9-424E-8A2A-6ED1870F9A31}
	EndGlobalSection
EndGlobal
